// !$*UTF8*$!
{
	archiveVersion = 1;
	classes = {
	};
	objectVersion = 46;
	objects = {

/* Begin PBXBuildFile section */
		EB33502A1B739C9A00889093 /* main.m in Sources */ = {isa = PBXBuildFile; fileRef = EB3350291B739C9A00889093 /* main.m */; settings = {COMPILER_FLAGS = "-fno-objc-arc"; }; };
		EBAA2EBC1C3EEAEA00FB60B0 /* Patternator.m in Sources */ = {isa = PBXBuildFile; fileRef = EBAA2EBB1C3EEAEA00FB60B0 /* Patternator.m */; };
/* End PBXBuildFile section */

/* Begin PBXCopyFilesBuildPhase section */
		EB3350241B739C9A00889093 /* CopyFiles */ = {
			isa = PBXCopyFilesBuildPhase;
			buildActionMask = 2147483647;
			dstPath = /usr/share/man/man1/;
			dstSubfolderSpec = 0;
			files = (
			);
			runOnlyForDeploymentPostprocessing = 1;
		};
/* End PBXCopyFilesBuildPhase section */

/* Begin PBXFileReference section */
		EB3350261B739C9A00889093 /* WiFi */ = {isa = PBXFileReference; explicitFileType = "compiled.mach-o.executable"; includeInIndex = 0; path = WiFi; sourceTree = BUILT_PRODUCTS_DIR; };
		EB3350291B739C9A00889093 /* main.m */ = {isa = PBXFileReference; lastKnownFileType = sourcecode.c.objc; path = main.m; sourceTree = "<group>"; };
		EBAA2EBA1C3EEAEA00FB60B0 /* Patternator.h */ = {isa = PBXFileReference; fileEncoding = 4; lastKnownFileType = sourcecode.c.h; name = Patternator.h; path = ../Patternator.h; sourceTree = "<group>"; };
		EBAA2EBB1C3EEAEA00FB60B0 /* Patternator.m */ = {isa = PBXFileReference; fileEncoding = 4; lastKnownFileType = sourcecode.c.objc; name = Patternator.m; path = ../Patternator.m; sourceTree = "<group>"; };
/* End PBXFileReference section */

/* Begin PBXFrameworksBuildPhase section */
		EB3350231B739C9A00889093 /* Frameworks */ = {
			isa = PBXFrameworksBuildPhase;
			buildActionMask = 2147483647;
			files = (
			);
			runOnlyForDeploymentPostprocessing = 0;
		};
/* End PBXFrameworksBuildPhase section */

/* Begin PBXGroup section */
		EB33501D1B739C9A00889093 = {
			isa = PBXGroup;
			children = (
				EB3350281B739C9A00889093 /* WiFi */,
				EB3350271B739C9A00889093 /* Products */,
			);
			sourceTree = "<group>";
		};
		EB3350271B739C9A00889093 /* Products */ = {
			isa = PBXGroup;
			children = (
				EB3350261B739C9A00889093 /* WiFi */,
			);
			name = Products;
			sourceTree = "<group>";
		};
		EB3350281B739C9A00889093 /* WiFi */ = {
			isa = PBXGroup;
			children = (
				EBAA2EBA1C3EEAEA00FB60B0 /* Patternator.h */,
				EBAA2EBB1C3EEAEA00FB60B0 /* Patternator.m */,
				EB3350291B739C9A00889093 /* main.m */,
			);
			path = WiFi;
			sourceTree = "<group>";
		};
/* End PBXGroup section */

/* Begin PBXNativeTarget section */
		EB3350251B739C9A00889093 /* WiFi */ = {
			isa = PBXNativeTarget;
			buildConfigurationList = EB33502D1B739C9A00889093 /* Build configuration list for PBXNativeTarget "WiFi" */;
			buildPhases = (
				EB3350221B739C9A00889093 /* Sources */,
				EB3350231B739C9A00889093 /* Frameworks */,
				EB3350241B739C9A00889093 /* CopyFiles */,
			);
			buildRules = (
			);
			dependencies = (
			);
			name = WiFi;
			productName = WiFi;
			productReference = EB3350261B739C9A00889093 /* WiFi */;
			productType = "com.apple.product-type.tool";
		};
/* End PBXNativeTarget section */

/* Begin PBXProject section */
		EB33501E1B739C9A00889093 /* Project object */ = {
			isa = PBXProject;
			attributes = {
				LastUpgradeCheck = 0640;
				ORGANIZATIONNAME = "Luka Kvavilashvili";
				TargetAttributes = {
					EB3350251B739C9A00889093 = {
						CreatedOnToolsVersion = 6.4;
					};
				};
			};
			buildConfigurationList = EB3350211B739C9A00889093 /* Build configuration list for PBXProject "WiFi" */;
			compatibilityVersion = "Xcode 3.2";
			developmentRegion = English;
			hasScannedForEncodings = 0;
			knownRegions = (
				en,
			);
			mainGroup = EB33501D1B739C9A00889093;
			productRefGroup = EB3350271B739C9A00889093 /* Products */;
			projectDirPath = "";
			projectRoot = "";
			targets = (
				EB3350251B739C9A00889093 /* WiFi */,
			);
		};
/* End PBXProject section */

/* Begin PBXSourcesBuildPhase section */
		EB3350221B739C9A00889093 /* Sources */ = {
			isa = PBXSourcesBuildPhase;
			buildActionMask = 2147483647;
			files = (
				EBAA2EBC1C3EEAEA00FB60B0 /* Patternator.m in Sources */,
				EB33502A1B739C9A00889093 /* main.m in Sources */,
			);
			runOnlyForDeploymentPostprocessing = 0;
		};
/* End PBXSourcesBuildPhase section */

/* Begin XCBuildConfiguration section */
		EB33502B1B739C9A00889093 /* Debug */ = {
			isa = XCBuildConfiguration;
			buildSettings = {
				ALWAYS_SEARCH_USER_PATHS = NO;
				CLANG_CXX_LANGUAGE_STANDARD = "gnu++0x";
				CLANG_CXX_LIBRARY = "libc++";
				CLANG_ENABLE_MODULES = YES;
				CLANG_ENABLE_OBJC_ARC = YES;
				CLANG_WARN_BOOL_CONVERSION = YES;
				CLANG_WARN_CONSTANT_CONVERSION = YES;
				CLANG_WARN_DIRECT_OBJC_ISA_USAGE = YES_ERROR;
				CLANG_WARN_EMPTY_BODY = YES;
				CLANG_WARN_ENUM_CONVERSION = YES;
				CLANG_WARN_INT_CONVERSION = YES;
				CLANG_WARN_OBJC_ROOT_CLASS = YES_ERROR;
				CLANG_WARN_UNREACHABLE_CODE = YES;
				CLANG_WARN__DUPLICATE_METHOD_MATCH = YES;
				COPY_PHASE_STRIP = NO;
				DEBUG_INFORMATION_FORMAT = dwarf;
				ENABLE_STRICT_OBJC_MSGSEND = YES;
				GCC_C_LANGUAGE_STANDARD = gnu99;
				GCC_DYNAMIC_NO_PIC = NO;
				GCC_NO_COMMON_BLOCKS = YES;
				GCC_OPTIMIZATION_LEVEL = 0;
				GCC_PREPROCESSOR_DEFINITIONS = (
					"DEBUG=1",
					"$(inherited)",
				);
				GCC_SYMBOLS_PRIVATE_EXTERN = NO;
				GCC_WARN_64_TO_32_BIT_CONVERSION = YES;
				GCC_WARN_ABOUT_RETURN_TYPE = YES_ERROR;
				GCC_WARN_UNDECLARED_SELECTOR = YES;
				GCC_WARN_UNINITIALIZED_AUTOS = YES_AGGRESSIVE;
				GCC_WARN_UNUSED_FUNCTION = YES;
				GCC_WARN_UNUSED_VARIABLE = YES;
				MACOSX_DEPLOYMENT_TARGET = 10.10;
				MTL_ENABLE_DEBUG_INFO = YES;
				ONLY_ACTIVE_ARCH = YES;
				SDKROOT = macosx;
			};
			name = Debug;
		};
		EB33502C1B739C9A00889093 /* Release */ = {
			isa = XCBuildConfiguration;
			buildSettings = {
				ALWAYS_SEARCH_USER_PATHS = NO;
				CLANG_CXX_LANGUAGE_STANDARD = "gnu++0x";
				CLANG_CXX_LIBRARY = "libc++";
				CLANG_ENABLE_MODULES = YES;
				CLANG_ENABLE_OBJC_ARC = YES;
				CLANG_WARN_BOOL_CONVERSION = YES;
				CLANG_WARN_CONSTANT_CONVERSION = YES;
				CLANG_WARN_DIRECT_OBJC_ISA_USAGE = YES_ERROR;
				CLANG_WARN_EMPTY_BODY = YES;
				CLANG_WARN_ENUM_CONVERSION = YES;
				CLANG_WARN_INT_CONVERSION = YES;
				CLANG_WARN_OBJC_ROOT_CLASS = YES_ERROR;
				CLANG_WARN_UNREACHABLE_CODE = YES;
				CLANG_WARN__DUPLICATE_METHOD_MATCH = YES;
				COPY_PHASE_STRIP = NO;
				DEBUG_INFORMATION_FORMAT = "dwarf-with-dsym";
				ENABLE_NS_ASSERTIONS = NO;
				ENABLE_STRICT_OBJC_MSGSEND = YES;
				GCC_C_LANGUAGE_STANDARD = gnu99;
				GCC_NO_COMMON_BLOCKS = YES;
				GCC_WARN_64_TO_32_BIT_CONVERSION = YES;
				GCC_WARN_ABOUT_RETURN_TYPE = YES_ERROR;
				GCC_WARN_UNDECLARED_SELECTOR = YES;
				GCC_WARN_UNINITIALIZED_AUTOS = YES_AGGRESSIVE;
				GCC_WARN_UNUSED_FUNCTION = YES;
				GCC_WARN_UNUSED_VARIABLE = YES;
				MACOSX_DEPLOYMENT_TARGET = 10.10;
				MTL_ENABLE_DEBUG_INFO = NO;
				SDKROOT = macosx;
			};
			name = Release;
		};
		EB33502E1B739C9A00889093 /* Debug */ = {
			isa = XCBuildConfiguration;
			buildSettings = {
				PRODUCT_NAME = "$(TARGET_NAME)";
			};
			name = Debug;
		};
		EB33502F1B739C9A00889093 /* Release */ = {
			isa = XCBuildConfiguration;
			buildSettings = {
				PRODUCT_NAME = "$(TARGET_NAME)";
			};
			name = Release;
		};
/* End XCBuildConfiguration section */

/* Begin XCConfigurationList section */
		EB3350211B739C9A00889093 /* Build configuration list for PBXProject "WiFi" */ = {
			isa = XCConfigurationList;
			buildConfigurations = (
				EB33502B1B739C9A00889093 /* Debug */,
				EB33502C1B739C9A00889093 /* Release */,
			);
			defaultConfigurationIsVisible = 0;
			defaultConfigurationName = Release;
		};
		EB33502D1B739C9A00889093 /* Build configuration list for PBXNativeTarget "WiFi" */ = {
			isa = XCConfigurationList;
			buildConfigurations = (
				EB33502E1B739C9A00889093 /* Debug */,
				EB33502F1B739C9A00889093 /* Release */,
			);
			defaultConfigurationIsVisible = 0;
			defaultConfigurationName = Release;
		};
/* End XCConfigurationList section */
	};
	rootObject = EB33501E1B739C9A00889093 /* Project object */;
}
